// !$*UTF8*$!
{
	archiveVersion = 1;
	classes = {
	};
	objectVersion = 46;
	objects = {

/* Begin PBXBuildFile section */
		3F2B36421EEEE14800D60F80 /* final.png in Resources */ = {isa = PBXBuildFile; fileRef = 3F2B36411EEEE14800D60F80 /* final.png */; };
		3F2B76C61EDD9B56004E1E6C /* LocalAuthentication.framework in Frameworks */ = {isa = PBXBuildFile; fileRef = 3F2B76C51EDD9B56004E1E6C /* LocalAuthentication.framework */; };
		3F9262E01ED4E89C007CD8E9 /* intouch.png in Resources */ = {isa = PBXBuildFile; fileRef = 3F9262DF1ED4E89C007CD8E9 /* intouch.png */; };
		3FA5F9F91EE06B940090B8D7 /* MessageUI.framework in Frameworks */ = {isa = PBXBuildFile; fileRef = 3FA5F9F81EE06B940090B8D7 /* MessageUI.framework */; };
		3FDBA7641EE63C44000EE4E1 /* Day.swift in Sources */ = {isa = PBXBuildFile; fileRef = 3FDBA7631EE63C44000EE4E1 /* Day.swift */; };
		3FDBA7661EE63C56000EE4E1 /* User.swift in Sources */ = {isa = PBXBuildFile; fileRef = 3FDBA7651EE63C56000EE4E1 /* User.swift */; };
		3FEC1DD81EBB72010001143B /* AppDelegate.swift in Sources */ = {isa = PBXBuildFile; fileRef = 3FEC1DD71EBB72010001143B /* AppDelegate.swift */; };
		3FEC1DDA1EBB72010001143B /* ViewController.swift in Sources */ = {isa = PBXBuildFile; fileRef = 3FEC1DD91EBB72010001143B /* ViewController.swift */; };
		3FEC1DDD1EBB72010001143B /* Main.storyboard in Resources */ = {isa = PBXBuildFile; fileRef = 3FEC1DDB1EBB72010001143B /* Main.storyboard */; };
		3FEC1DDF1EBB72010001143B /* Assets.xcassets in Resources */ = {isa = PBXBuildFile; fileRef = 3FEC1DDE1EBB72010001143B /* Assets.xcassets */; };
		3FEC1DE21EBB72010001143B /* LaunchScreen.storyboard in Resources */ = {isa = PBXBuildFile; fileRef = 3FEC1DE01EBB72010001143B /* LaunchScreen.storyboard */; };
		3FEC1DEC1EBB76BA0001143B /* SettingsController.swift in Sources */ = {isa = PBXBuildFile; fileRef = 3FEC1DEB1EBB76BA0001143B /* SettingsController.swift */; };
/* End PBXBuildFile section */

/* Begin PBXFileReference section */
		3F2B36411EEEE14800D60F80 /* final.png */ = {isa = PBXFileReference; lastKnownFileType = image.png; name = final.png; path = ../../../../Desktop/final.png; sourceTree = "<group>"; };
		3F2B76C51EDD9B56004E1E6C /* LocalAuthentication.framework */ = {isa = PBXFileReference; lastKnownFileType = wrapper.framework; name = LocalAuthentication.framework; path = System/Library/Frameworks/LocalAuthentication.framework; sourceTree = SDKROOT; };
		3F9262DF1ED4E89C007CD8E9 /* intouch.png */ = {isa = PBXFileReference; lastKnownFileType = image.png; name = intouch.png; path = ../../../../Desktop/intouch.png; sourceTree = "<group>"; };
		3FA5F9F81EE06B940090B8D7 /* MessageUI.framework */ = {isa = PBXFileReference; lastKnownFileType = wrapper.framework; name = MessageUI.framework; path = System/Library/Frameworks/MessageUI.framework; sourceTree = SDKROOT; };
		3FDBA7631EE63C44000EE4E1 /* Day.swift */ = {isa = PBXFileReference; fileEncoding = 4; lastKnownFileType = sourcecode.swift; path = Day.swift; sourceTree = "<group>"; };
		3FDBA7651EE63C56000EE4E1 /* User.swift */ = {isa = PBXFileReference; fileEncoding = 4; lastKnownFileType = sourcecode.swift; path = User.swift; sourceTree = "<group>"; };
		3FEC1DD41EBB72010001143B /* InTouch.app */ = {isa = PBXFileReference; explicitFileType = wrapper.application; includeInIndex = 0; path = InTouch.app; sourceTree = BUILT_PRODUCTS_DIR; };
		3FEC1DD71EBB72010001143B /* AppDelegate.swift */ = {isa = PBXFileReference; lastKnownFileType = sourcecode.swift; path = AppDelegate.swift; sourceTree = "<group>"; };
		3FEC1DD91EBB72010001143B /* ViewController.swift */ = {isa = PBXFileReference; lastKnownFileType = sourcecode.swift; path = ViewController.swift; sourceTree = "<group>"; };
		3FEC1DDC1EBB72010001143B /* Base */ = {isa = PBXFileReference; lastKnownFileType = file.storyboard; name = Base; path = Base.lproj/Main.storyboard; sourceTree = "<group>"; };
		3FEC1DDE1EBB72010001143B /* Assets.xcassets */ = {isa = PBXFileReference; lastKnownFileType = folder.assetcatalog; path = Assets.xcassets; sourceTree = "<group>"; };
		3FEC1DE11EBB72010001143B /* Base */ = {isa = PBXFileReference; lastKnownFileType = file.storyboard; name = Base; path = Base.lproj/LaunchScreen.storyboard; sourceTree = "<group>"; };
		3FEC1DE31EBB72010001143B /* Info.plist */ = {isa = PBXFileReference; lastKnownFileType = text.plist.xml; path = Info.plist; sourceTree = "<group>"; };
		3FEC1DEB1EBB76BA0001143B /* SettingsController.swift */ = {isa = PBXFileReference; fileEncoding = 4; lastKnownFileType = sourcecode.swift; lineEnding = 0; path = SettingsController.swift; sourceTree = "<group>"; wrapsLines = 1; };
/* End PBXFileReference section */

/* Begin PBXFrameworksBuildPhase section */
		3FEC1DD11EBB72010001143B /* Frameworks */ = {
			isa = PBXFrameworksBuildPhase;
			buildActionMask = 2147483647;
			files = (
				3FA5F9F91EE06B940090B8D7 /* MessageUI.framework in Frameworks */,
				3F2B76C61EDD9B56004E1E6C /* LocalAuthentication.framework in Frameworks */,
			);
			runOnlyForDeploymentPostprocessing = 0;
		};
/* End PBXFrameworksBuildPhase section */

/* Begin PBXGroup section */
		3F2B76C41EDD9B56004E1E6C /* Frameworks */ = {
			isa = PBXGroup;
			children = (
				3FA5F9F81EE06B940090B8D7 /* MessageUI.framework */,
				3F2B76C51EDD9B56004E1E6C /* LocalAuthentication.framework */,
			);
			name = Frameworks;
			sourceTree = "<group>";
		};
		3FEC1DCB1EBB72010001143B = {
			isa = PBXGroup;
			children = (
				3FEC1DD61EBB72010001143B /* InTouch */,
				3FEC1DD51EBB72010001143B /* Products */,
				3F2B76C41EDD9B56004E1E6C /* Frameworks */,
			);
			sourceTree = "<group>";
		};
		3FEC1DD51EBB72010001143B /* Products */ = {
			isa = PBXGroup;
			children = (
				3FEC1DD41EBB72010001143B /* InTouch.app */,
			);
			name = Products;
			sourceTree = "<group>";
		};
		3FEC1DD61EBB72010001143B /* InTouch */ = {
			isa = PBXGroup;
			children = (
				3FEC1DD71EBB72010001143B /* AppDelegate.swift */,
				3FDBA7631EE63C44000EE4E1 /* Day.swift */,
				3FDBA7651EE63C56000EE4E1 /* User.swift */,
				3FEC1DD91EBB72010001143B /* ViewController.swift */,
				3FEC1DEB1EBB76BA0001143B /* SettingsController.swift */,
				3FEC1DDB1EBB72010001143B /* Main.storyboard */,
				3F2B36411EEEE14800D60F80 /* final.png */,
				3FEC1DDE1EBB72010001143B /* Assets.xcassets */,
				3FEC1DE01EBB72010001143B /* LaunchScreen.storyboard */,
				3FEC1DE31EBB72010001143B /* Info.plist */,
				3F9262DF1ED4E89C007CD8E9 /* intouch.png */,
			);
			path = InTouch;
			sourceTree = "<group>";
		};
/* End PBXGroup section */

/* Begin PBXNativeTarget section */
		3FEC1DD31EBB72010001143B /* InTouch */ = {
			isa = PBXNativeTarget;
			buildConfigurationList = 3FEC1DE61EBB72010001143B /* Build configuration list for PBXNativeTarget "InTouch" */;
			buildPhases = (
				3FEC1DD01EBB72010001143B /* Sources */,
				3FEC1DD11EBB72010001143B /* Frameworks */,
				3FEC1DD21EBB72010001143B /* Resources */,
			);
			buildRules = (
			);
			dependencies = (
			);
			name = InTouch;
			productName = InTouch;
			productReference = 3FEC1DD41EBB72010001143B /* InTouch.app */;
			productType = "com.apple.product-type.application";
		};
/* End PBXNativeTarget section */

/* Begin PBXProject section */
		3FEC1DCC1EBB72010001143B /* Project object */ = {
			isa = PBXProject;
			attributes = {
				LastSwiftUpdateCheck = 0830;
				LastUpgradeCheck = 0830;
				ORGANIZATIONNAME = "Aalap Patel";
				TargetAttributes = {
					3FEC1DD31EBB72010001143B = {
						CreatedOnToolsVersion = 8.3.2;
						DevelopmentTeam = 3LJY7XDPRA;
						ProvisioningStyle = Automatic;
					};
				};
			};
			buildConfigurationList = 3FEC1DCF1EBB72010001143B /* Build configuration list for PBXProject "InTouch" */;
			compatibilityVersion = "Xcode 3.2";
			developmentRegion = English;
			hasScannedForEncodings = 0;
			knownRegions = (
				en,
				Base,
			);
			mainGroup = 3FEC1DCB1EBB72010001143B;
			productRefGroup = 3FEC1DD51EBB72010001143B /* Products */;
			projectDirPath = "";
			projectRoot = "";
			targets = (
				3FEC1DD31EBB72010001143B /* InTouch */,
			);
		};
/* End PBXProject section */

/* Begin PBXResourcesBuildPhase section */
		3FEC1DD21EBB72010001143B /* Resources */ = {
			isa = PBXResourcesBuildPhase;
			buildActionMask = 2147483647;
			files = (
				3F2B36421EEEE14800D60F80 /* final.png in Resources */,
				3F9262E01ED4E89C007CD8E9 /* intouch.png in Resources */,
				3FEC1DE21EBB72010001143B /* LaunchScreen.storyboard in Resources */,
				3FEC1DDF1EBB72010001143B /* Assets.xcassets in Resources */,
				3FEC1DDD1EBB72010001143B /* Main.storyboard in Resources */,
			);
			runOnlyForDeploymentPostprocessing = 0;
		};
/* End PBXResourcesBuildPhase section */

/* Begin PBXSourcesBuildPhase section */
		3FEC1DD01EBB72010001143B /* Sources */ = {
			isa = PBXSourcesBuildPhase;
			buildActionMask = 2147483647;
			files = (
				3FEC1DEC1EBB76BA0001143B /* SettingsController.swift in Sources */,
				3FEC1DDA1EBB72010001143B /* ViewController.swift in Sources */,
				3FDBA7641EE63C44000EE4E1 /* Day.swift in Sources */,
				3FDBA7661EE63C56000EE4E1 /* User.swift in Sources */,
				3FEC1DD81EBB72010001143B /* AppDelegate.swift in Sources */,
			);
			runOnlyForDeploymentPostprocessing = 0;
		};
/* End PBXSourcesBuildPhase section */

/* Begin PBXVariantGroup section */
		3FEC1DDB1EBB72010001143B /* Main.storyboard */ = {
			isa = PBXVariantGroup;
			children = (
				3FEC1DDC1EBB72010001143B /* Base */,
			);
			name = Main.storyboard;
			sourceTree = "<group>";
		};
		3FEC1DE01EBB72010001143B /* LaunchScreen.storyboard */ = {
			isa = PBXVariantGroup;
			children = (
				3FEC1DE11EBB72010001143B /* Base */,
			);
			name = LaunchScreen.storyboard;
			sourceTree = "<group>";
		};
/* End PBXVariantGroup section */

/* Begin XCBuildConfiguration section */
		3FEC1DE41EBB72010001143B /* Debug */ = {
			isa = XCBuildConfiguration;
			buildSettings = {
				ALWAYS_SEARCH_USER_PATHS = NO;
				CLANG_ANALYZER_NONNULL = YES;
				CLANG_ANALYZER_NUMBER_OBJECT_CONVERSION = YES_AGGRESSIVE;
				CLANG_CXX_LANGUAGE_STANDARD = "gnu++0x";
				CLANG_CXX_LIBRARY = "libc++";
				CLANG_ENABLE_MODULES = YES;
				CLANG_ENABLE_OBJC_ARC = YES;
				CLANG_WARN_BOOL_CONVERSION = YES;
				CLANG_WARN_CONSTANT_CONVERSION = YES;
				CLANG_WARN_DIRECT_OBJC_ISA_USAGE = YES_ERROR;
				CLANG_WARN_DOCUMENTATION_COMMENTS = YES;
				CLANG_WARN_EMPTY_BODY = YES;
				CLANG_WARN_ENUM_CONVERSION = YES;
				CLANG_WARN_INFINITE_RECURSION = YES;
				CLANG_WARN_INT_CONVERSION = YES;
				CLANG_WARN_OBJC_ROOT_CLASS = YES_ERROR;
				CLANG_WARN_SUSPICIOUS_MOVE = YES;
				CLANG_WARN_UNREACHABLE_CODE = YES;
				CLANG_WARN__DUPLICATE_METHOD_MATCH = YES;
				"CODE_SIGN_IDENTITY[sdk=iphoneos*]" = "iPhone Developer";
				COPY_PHASE_STRIP = NO;
				DEBUG_INFORMATION_FORMAT = dwarf;
				ENABLE_STRICT_OBJC_MSGSEND = YES;
				ENABLE_TESTABILITY = YES;
				GCC_C_LANGUAGE_STANDARD = gnu99;
				GCC_DYNAMIC_NO_PIC = NO;
				GCC_NO_COMMON_BLOCKS = YES;
				GCC_OPTIMIZATION_LEVEL = 0;
				GCC_PREPROCESSOR_DEFINITIONS = (
					"DEBUG=1",
					"$(inherited)",
				);
				GCC_WARN_64_TO_32_BIT_CONVERSION = YES;
				GCC_WARN_ABOUT_RETURN_TYPE = YES_ERROR;
				GCC_WARN_UNDECLARED_SELECTOR = YES;
				GCC_WARN_UNINITIALIZED_AUTOS = YES_AGGRESSIVE;
				GCC_WARN_UNUSED_FUNCTION = YES;
				GCC_WARN_UNUSED_VARIABLE = YES;
				IPHONEOS_DEPLOYMENT_TARGET = 10.3;
				MTL_ENABLE_DEBUG_INFO = YES;
				ONLY_ACTIVE_ARCH = YES;
				SDKROOT = iphoneos;
				SWIFT_ACTIVE_COMPILATION_CONDITIONS = DEBUG;
				SWIFT_OPTIMIZATION_LEVEL = "-Onone";
			};
			name = Debug;
		};
		3FEC1DE51EBB72010001143B /* Release */ = {
			isa = XCBuildConfiguration;
			buildSettings = {
				ALWAYS_SEARCH_USER_PATHS = NO;
				CLANG_ANALYZER_NONNULL = YES;
				CLANG_ANALYZER_NUMBER_OBJECT_CONVERSION = YES_AGGRESSIVE;
				CLANG_CXX_LANGUAGE_STANDARD = "gnu++0x";
				CLANG_CXX_LIBRARY = "libc++";
				CLANG_ENABLE_MODULES = YES;
				CLANG_ENABLE_OBJC_ARC = YES;
				CLANG_WARN_BOOL_CONVERSION = YES;
				CLANG_WARN_CONSTANT_CONVERSION = YES;
				CLANG_WARN_DIRECT_OBJC_ISA_USAGE = YES_ERROR;
				CLANG_WARN_DOCUMENTATION_COMMENTS = YES;
				CLANG_WARN_EMPTY_BODY = YES;
				CLANG_WARN_ENUM_CONVERSION = YES;
				CLANG_WARN_INFINITE_RECURSION = YES;
				CLANG_WARN_INT_CONVERSION = YES;
				CLANG_WARN_OBJC_ROOT_CLASS = YES_ERROR;
				CLANG_WARN_SUSPICIOUS_MOVE = YES;
				CLANG_WARN_UNREACHABLE_CODE = YES;
				CLANG_WARN__DUPLICATE_METHOD_MATCH = YES;
				"CODE_SIGN_IDENTITY[sdk=iphoneos*]" = "iPhone Developer";
				COPY_PHASE_STRIP = NO;
				DEBUG_INFORMATION_FORMAT = "dwarf-with-dsym";
				ENABLE_NS_ASSERTIONS = NO;
				ENABLE_STRICT_OBJC_MSGSEND = YES;
				GCC_C_LANGUAGE_STANDARD = gnu99;
				GCC_NO_COMMON_BLOCKS = YES;
				GCC_WARN_64_TO_32_BIT_CONVERSION = YES;
				GCC_WARN_ABOUT_RETURN_TYPE = YES_ERROR;
				GCC_WARN_UNDECLARED_SELECTOR = YES;
				GCC_WARN_UNINITIALIZED_AUTOS = YES_AGGRESSIVE;
				GCC_WARN_UNUSED_FUNCTION = YES;
				GCC_WARN_UNUSED_VARIABLE = YES;
				IPHONEOS_DEPLOYMENT_TARGET = 10.3;
				MTL_ENABLE_DEBUG_INFO = NO;
				SDKROOT = iphoneos;
				SWIFT_OPTIMIZATION_LEVEL = "-Owholemodule";
				VALIDATE_PRODUCT = YES;
			};
			name = Release;
		};
		3FEC1DE71EBB72010001143B /* Debug */ = {
			isa = XCBuildConfiguration;
			buildSettings = {
				ASSETCATALOG_COMPILER_APPICON_NAME = AppIcon;
				DEVELOPMENT_TEAM = 3LJY7XDPRA;
				INFOPLIST_FILE = InTouch/Info.plist;
				IPHONEOS_DEPLOYMENT_TARGET = 10.2;
				LD_RUNPATH_SEARCH_PATHS = "$(inherited) @executable_path/Frameworks";
				PRODUCT_BUNDLE_IDENTIFIER = "Aalap-Patel.InTouch";
				PRODUCT_NAME = "$(TARGET_NAME)";
				SWIFT_VERSION = 3.0;
			};
			name = Debug;
		};
		3FEC1DE81EBB72010001143B /* Release */ = {
			isa = XCBuildConfiguration;
			buildSettings = {
				ASSETCATALOG_COMPILER_APPICON_NAME = AppIcon;
				DEVELOPMENT_TEAM = 3LJY7XDPRA;
				INFOPLIST_FILE = InTouch/Info.plist;
				IPHONEOS_DEPLOYMENT_TARGET = 10.2;
				LD_RUNPATH_SEARCH_PATHS = "$(inherited) @executable_path/Frameworks";
				PRODUCT_BUNDLE_IDENTIFIER = "Aalap-Patel.InTouch";
				PRODUCT_NAME = "$(TARGET_NAME)";
				SWIFT_VERSION = 3.0;
			};
			name = Release;
		};
/* End XCBuildConfiguration section */

/* Begin XCConfigurationList section */
		3FEC1DCF1EBB72010001143B /* Build configuration list for PBXProject "InTouch" */ = {
			isa = XCConfigurationList;
			buildConfigurations = (
				3FEC1DE41EBB72010001143B /* Debug */,
				3FEC1DE51EBB72010001143B /* Release */,
			);
			defaultConfigurationIsVisible = 0;
			defaultConfigurationName = Release;
		};
		3FEC1DE61EBB72010001143B /* Build configuration list for PBXNativeTarget "InTouch" */ = {
			isa = XCConfigurationList;
			buildConfigurations = (
				3FEC1DE71EBB72010001143B /* Debug */,
				3FEC1DE81EBB72010001143B /* Release */,
			);
			defaultConfigurationIsVisible = 0;
			defaultConfigurationName = Release;
		};
/* End XCConfigurationList section */
	};
	rootObject = 3FEC1DCC1EBB72010001143B /* Project object */;
}
